PODS:
  - Alamofire (3.1.4)
  - Aspects (1.4.1)
  - Box (2.0)
  - IQKeyboardManager (3.3.4)
  - OpenUDID (1.0.0)
  - Reachability (3.2)
  - ReactiveCocoa (2.5):
    - ReactiveCocoa/UI (= 2.5)
  - ReactiveCocoa/Core (2.5):
    - ReactiveCocoa/no-arc
  - ReactiveCocoa/no-arc (2.5)
  - ReactiveCocoa/UI (2.5):
    - ReactiveCocoa/Core
  - REMenu (1.10)
  - Result (2.0.0)
  - SDWebImage (3.7.3):
    - SDWebImage/Core (= 3.7.3)
  - SDWebImage/Core (3.7.3)

DEPENDENCIES:
  - Alamofire
  - Aspects
  - Box
  - IQKeyboardManager
  - OpenUDID
  - Reachability
  - ReactiveCocoa
  - REMenu
  - Result (from `https://github.com/antitypical/Result.git`)
  - SDWebImage

EXTERNAL SOURCES:
  Result:
    :git: https://github.com/antitypical/Result.git

CHECKOUT OPTIONS:
  Result:
    :commit: 6abafcb99c490bf12607f541d807181eb398a388
    :git: https://github.com/antitypical/Result.git

SPEC CHECKSUMS:
  Alamofire: fbc829692f351fa1d8a31dd75fd7f7f56fea31fb
  Aspects: 7595ba96a6727a58ebcbfc954497fc5d2fdde546
  Box: 70713ca3679e4e11ad4c470e9b58265f506fc659
  IQKeyboardManager: ac803e61e5b50efae6b3aeedd95a02c7c7d3b2b3
  OpenUDID: e7cb6984c7304906ad20f3a36bf087b025896b6b
  Reachability: 33e18b67625424e47b6cde6d202dce689ad7af96
  ReactiveCocoa: e2db045570aa97c695e7aa97c2bcab222ae51f4a
  REMenu: 30dad195930adf6c5eeb8041e3257aa60bf9fa49
  Result: 9e75e1111c774c6ac594e14907b15057053a7959
  SDWebImage: 1d2b1a1efda1ade1b00b6f8498865f8ddedc8a84

COCOAPODS: 0.39.0
